
Microsoft Visual Studio Solution File, Format Version 11.00
# Visual Studio 2010
Project("{FAE04EC0-301F-11D3-BF4B-00C04F79EFBC}") = "PhotonUnityNetworking.Utilities", "PhotonUnityNetworking.Utilities.csproj", "{885a810e-849b-701f-cc67-16685ae12351}"
EndProject
Project("{FAE04EC0-301F-11D3-BF4B-00C04F79EFBC}") = "Assembly-CSharp", "Assembly-CSharp.csproj", "{e23b0aba-d746-a065-e216-43812fea3e01}"
EndProject
Project("{FAE04EC0-301F-11D3-BF4B-00C04F79EFBC}") = "PhotonUnityNetworking.Demos", "PhotonUnityNetworking.Demos.csproj", "{4423e93a-c22d-2326-be5b-23cc9ee3e7e8}"
EndProject
Project("{FAE04EC0-301F-11D3-BF4B-00C04F79EFBC}") = "PhotonUnityNetworking", "PhotonUnityNetworking.csproj", "{78a1eb67-7b4c-69cb-a2be-5a258b4799b4}"
EndProject
Project("{FAE04EC0-301F-11D3-BF4B-00C04F79EFBC}") = "PhotonChat", "PhotonChat.csproj", "{4426b16f-1992-da34-c918-83fea97c4b8a}"
EndProject
Project("{FAE04EC0-301F-11D3-BF4B-00C04F79EFBC}") = "PhotonRealtime", "PhotonRealtime.csproj", "{2bac3155-a196-a32c-bbd3-2cf6d4ba5e9a}"
EndProject
Project("{FAE04EC0-301F-11D3-BF4B-00C04F79EFBC}") = "PhotonUnityNetworking.Editor", "PhotonUnityNetworking.Editor.csproj", "{fd0a850d-889f-d1b6-9c9d-8c251c678a05}"
EndProject
Project("{FAE04EC0-301F-11D3-BF4B-00C04F79EFBC}") = "PhotonUnityNetworking.Utilities.PhotonPlayer.Editor", "PhotonUnityNetworking.Utilities.PhotonPlayer.Editor.csproj", "{54038872-4761-2a2f-2bab-b6ed67d1fb86}"
EndProject
Project("{FAE04EC0-301F-11D3-BF4B-00C04F79EFBC}") = "PunDemos.DemoSlotcarEditor", "PunDemos.DemoSlotcarEditor.csproj", "{71aad884-cade-b4e8-f92f-d68d82786448}"
EndProject
Project("{FAE04EC0-301F-11D3-BF4B-00C04F79EFBC}") = "PhotonUnityNetworking.Utilities.Culling.Editor", "PhotonUnityNetworking.Utilities.Culling.Editor.csproj", "{259efd19-ba4f-fe4c-9434-8d769eaec729}"
EndProject
Project("{FAE04EC0-301F-11D3-BF4B-00C04F79EFBC}") = "PunDemos.DemoHubEditor", "PunDemos.DemoHubEditor.csproj", "{2f3e7f30-c030-ee2b-709d-0d28d79f3b31}"
EndProject
Project("{FAE04EC0-301F-11D3-BF4B-00C04F79EFBC}") = "Assembly-CSharp-Editor", "Assembly-CSharp-Editor.csproj", "{c9c3b862-2f8b-830b-2edd-de3f834cd2af}"
EndProject
Global
	GlobalSection(SolutionConfigurationPlatforms) = preSolution
		Debug|Any CPU = Debug|Any CPU
	EndGlobalSection
	GlobalSection(ProjectConfigurationPlatforms) = postSolution
		{885a810e-849b-701f-cc67-16685ae12351}.Debug|Any CPU.ActiveCfg = Debug|Any CPU
		{885a810e-849b-701f-cc67-16685ae12351}.Debug|Any CPU.Build.0 = Debug|Any CPU
		{e23b0aba-d746-a065-e216-43812fea3e01}.Debug|Any CPU.ActiveCfg = Debug|Any CPU
		{e23b0aba-d746-a065-e216-43812fea3e01}.Debug|Any CPU.Build.0 = Debug|Any CPU
		{4423e93a-c22d-2326-be5b-23cc9ee3e7e8}.Debug|Any CPU.ActiveCfg = Debug|Any CPU
		{4423e93a-c22d-2326-be5b-23cc9ee3e7e8}.Debug|Any CPU.Build.0 = Debug|Any CPU
		{78a1eb67-7b4c-69cb-a2be-5a258b4799b4}.Debug|Any CPU.ActiveCfg = Debug|Any CPU
		{78a1eb67-7b4c-69cb-a2be-5a258b4799b4}.Debug|Any CPU.Build.0 = Debug|Any CPU
		{4426b16f-1992-da34-c918-83fea97c4b8a}.Debug|Any CPU.ActiveCfg = Debug|Any CPU
		{4426b16f-1992-da34-c918-83fea97c4b8a}.Debug|Any CPU.Build.0 = Debug|Any CPU
		{2bac3155-a196-a32c-bbd3-2cf6d4ba5e9a}.Debug|Any CPU.ActiveCfg = Debug|Any CPU
		{2bac3155-a196-a32c-bbd3-2cf6d4ba5e9a}.Debug|Any CPU.Build.0 = Debug|Any CPU
		{fd0a850d-889f-d1b6-9c9d-8c251c678a05}.Debug|Any CPU.ActiveCfg = Debug|Any CPU
		{fd0a850d-889f-d1b6-9c9d-8c251c678a05}.Debug|Any CPU.Build.0 = Debug|Any CPU
		{54038872-4761-2a2f-2bab-b6ed67d1fb86}.Debug|Any CPU.ActiveCfg = Debug|Any CPU
		{54038872-4761-2a2f-2bab-b6ed67d1fb86}.Debug|Any CPU.Build.0 = Debug|Any CPU
		{71aad884-cade-b4e8-f92f-d68d82786448}.Debug|Any CPU.ActiveCfg = Debug|Any CPU
		{71aad884-cade-b4e8-f92f-d68d82786448}.Debug|Any CPU.Build.0 = Debug|Any CPU
		{259efd19-ba4f-fe4c-9434-8d769eaec729}.Debug|Any CPU.ActiveCfg = Debug|Any CPU
		{259efd19-ba4f-fe4c-9434-8d769eaec729}.Debug|Any CPU.Build.0 = Debug|Any CPU
		{2f3e7f30-c030-ee2b-709d-0d28d79f3b31}.Debug|Any CPU.ActiveCfg = Debug|Any CPU
		{2f3e7f30-c030-ee2b-709d-0d28d79f3b31}.Debug|Any CPU.Build.0 = Debug|Any CPU
		{c9c3b862-2f8b-830b-2edd-de3f834cd2af}.Debug|Any CPU.ActiveCfg = Debug|Any CPU
		{c9c3b862-2f8b-830b-2edd-de3f834cd2af}.Debug|Any CPU.Build.0 = Debug|Any CPU
	EndGlobalSection
	GlobalSection(SolutionProperties) = preSolution
		HideSolutionNode = FALSE
	EndGlobalSection
EndGlobal
